
Microsoft Visual Studio Solution File, Format Version 12.00
# Visual Studio Version 16
VisualStudioVersion = 16.0.31911.196
MinimumVisualStudioVersion = 10.0.40219.1
Project("{FAE04EC0-301F-11D3-BF4B-00C04F79EFBC}") = "User.PluginSdkDemo", "User.PluginSdkDemo.csproj", "{833040C9-FE5E-4CCF-B21D-71979E049B6B}"
EndProject
Project("{2150E333-8FDC-42A3-9474-1A3956D46DE8}") = "Solution Items", "Solution Items", "{6E3D121C-B233-42B3-BAD1-AE14660E2D9F}"
	ProjectSection(SolutionItems) = preProject
		install.cmd = install.cmd
	EndProjectSection
EndProject
Global
	GlobalSection(SolutionConfigurationPlatforms) = preSolution
		Debug|Any CPU = Debug|Any CPU
		Release|Any CPU = Release|Any CPU
	EndGlobalSection
	GlobalSection(ProjectConfigurationPlatforms) = postSolution
		{833040C9-FE5E-4CCF-B21D-71979E049B6B}.Debug|Any CPU.ActiveCfg = Debug|Any CPU
		{833040C9-FE5E-4CCF-B21D-71979E049B6B}.Debug|Any CPU.Build.0 = Debug|Any CPU
		{833040C9-FE5E-4CCF-B21D-71979E049B6B}.Release|Any CPU.ActiveCfg = Release|Any CPU
		{833040C9-FE5E-4CCF-B21D-71979E049B6B}.Release|Any CPU.Build.0 = Release|Any CPU
	EndGlobalSection
	GlobalSection(SolutionProperties) = preSolution
		HideSolutionNode = FALSE
	EndGlobalSection
	GlobalSection(ExtensibilityGlobals) = postSolution
		SolutionGuid = {CDF66EBD-4A35-4AAE-8336-01A768CF5D6A}
	EndGlobalSection
EndGlobal
